
Microsoft Visual Studio Solution File, Format Version 12.00
# Visual Studio Version 16
VisualStudioVersion = 16.0.28803.352
MinimumVisualStudioVersion = 10.0.40219.1
Project("{FAE04EC0-301F-11D3-BF4B-00C04F79EFBC}") = "EFCoreReversePocoDemo.App", "EFCoreReversePocoDemo.App\EFCoreReversePocoDemo.App.csproj", "{FB19A604-52B2-4F8E-8B62-D9599E9A5CA8}"
EndProject
Global
	GlobalSection(SolutionConfigurationPlatforms) = preSolution
		Debug|Any CPU = Debug|Any CPU
		Release|Any CPU = Release|Any CPU
	EndGlobalSection
	GlobalSection(ProjectConfigurationPlatforms) = postSolution
		{FB19A604-52B2-4F8E-8B62-D9599E9A5CA8}.Debug|Any CPU.ActiveCfg = Debug|Any CPU
		{FB19A604-52B2-4F8E-8B62-D9599E9A5CA8}.Debug|Any CPU.Build.0 = Debug|Any CPU
		{FB19A604-52B2-4F8E-8B62-D9599E9A5CA8}.Release|Any CPU.ActiveCfg = Release|Any CPU
		{FB19A604-52B2-4F8E-8B62-D9599E9A5CA8}.Release|Any CPU.Build.0 = Release|Any CPU
	EndGlobalSection
	GlobalSection(SolutionProperties) = preSolution
		HideSolutionNode = FALSE
	EndGlobalSection
	GlobalSection(ExtensibilityGlobals) = postSolution
		SolutionGuid = {56B493E3-C309-4123-9BEB-2299BC73A27A}
	EndGlobalSection
EndGlobal
